
Microsoft Visual Studio Solution File, Format Version 12.00
# Visual Studio 14
VisualStudioVersion = 14.0.23107.0
MinimumVisualStudioVersion = 10.0.40219.1
Project("{FAE04EC0-301F-11D3-BF4B-00C04F79EFBC}") = "FreSharp", "FreSharp\FreSharp.csproj", "{02DF5A34-4BD0-42D1-A150-64A886A335C0}"
EndProject
Project("{8BC9CEB8-8B4A-11D0-8D11-00A0C91BC942}") = "FreSharpCore", "FreSharpCore\FreSharpCore.vcxproj", "{8F6A0939-4F4D-48EE-A417-17C4E1B90C57}"
EndProject
Project("{8BC9CEB8-8B4A-11D0-8D11-00A0C91BC942}") = "FreSharpLib", "FreSharpLib\FreSharpLib.vcxproj", "{A5A5EEF6-2107-4D25-B833-BB1B07684592}"
EndProject
Global
	GlobalSection(SolutionConfigurationPlatforms) = preSolution
		Debug|Any CPU = Debug|Any CPU
		Debug|x64 = Debug|x64
		Debug|x86 = Debug|x86
		Release|Any CPU = Release|Any CPU
		Release|x64 = Release|x64
		Release|x86 = Release|x86
	EndGlobalSection
	GlobalSection(ProjectConfigurationPlatforms) = postSolution
		{02DF5A34-4BD0-42D1-A150-64A886A335C0}.Debug|Any CPU.ActiveCfg = Debug|Any CPU
		{02DF5A34-4BD0-42D1-A150-64A886A335C0}.Debug|Any CPU.Build.0 = Debug|Any CPU
		{02DF5A34-4BD0-42D1-A150-64A886A335C0}.Debug|x64.ActiveCfg = Debug|Any CPU
		{02DF5A34-4BD0-42D1-A150-64A886A335C0}.Debug|x64.Build.0 = Debug|Any CPU
		{02DF5A34-4BD0-42D1-A150-64A886A335C0}.Debug|x86.ActiveCfg = Debug|Any CPU
		{02DF5A34-4BD0-42D1-A150-64A886A335C0}.Debug|x86.Build.0 = Debug|Any CPU
		{02DF5A34-4BD0-42D1-A150-64A886A335C0}.Release|Any CPU.ActiveCfg = Release|Any CPU
		{02DF5A34-4BD0-42D1-A150-64A886A335C0}.Release|Any CPU.Build.0 = Release|Any CPU
		{02DF5A34-4BD0-42D1-A150-64A886A335C0}.Release|x64.ActiveCfg = Release|Any CPU
		{02DF5A34-4BD0-42D1-A150-64A886A335C0}.Release|x64.Build.0 = Release|Any CPU
		{02DF5A34-4BD0-42D1-A150-64A886A335C0}.Release|x86.ActiveCfg = Release|Any CPU
		{02DF5A34-4BD0-42D1-A150-64A886A335C0}.Release|x86.Build.0 = Release|Any CPU
		{8F6A0939-4F4D-48EE-A417-17C4E1B90C57}.Debug|Any CPU.ActiveCfg = Debug|Win32
		{8F6A0939-4F4D-48EE-A417-17C4E1B90C57}.Debug|x64.ActiveCfg = Debug|x64
		{8F6A0939-4F4D-48EE-A417-17C4E1B90C57}.Debug|x64.Build.0 = Debug|x64
		{8F6A0939-4F4D-48EE-A417-17C4E1B90C57}.Debug|x86.ActiveCfg = Debug|Win32
		{8F6A0939-4F4D-48EE-A417-17C4E1B90C57}.Debug|x86.Build.0 = Debug|Win32
		{8F6A0939-4F4D-48EE-A417-17C4E1B90C57}.Release|Any CPU.ActiveCfg = Release|Win32
		{8F6A0939-4F4D-48EE-A417-17C4E1B90C57}.Release|x64.ActiveCfg = Release|x64
		{8F6A0939-4F4D-48EE-A417-17C4E1B90C57}.Release|x64.Build.0 = Release|x64
		{8F6A0939-4F4D-48EE-A417-17C4E1B90C57}.Release|x86.ActiveCfg = Release|Win32
		{8F6A0939-4F4D-48EE-A417-17C4E1B90C57}.Release|x86.Build.0 = Release|Win32
		{A5A5EEF6-2107-4D25-B833-BB1B07684592}.Debug|Any CPU.ActiveCfg = Debug|Win32
		{A5A5EEF6-2107-4D25-B833-BB1B07684592}.Debug|x64.ActiveCfg = Debug|x64
		{A5A5EEF6-2107-4D25-B833-BB1B07684592}.Debug|x64.Build.0 = Debug|x64
		{A5A5EEF6-2107-4D25-B833-BB1B07684592}.Debug|x86.ActiveCfg = Debug|Win32
		{A5A5EEF6-2107-4D25-B833-BB1B07684592}.Debug|x86.Build.0 = Debug|Win32
		{A5A5EEF6-2107-4D25-B833-BB1B07684592}.Release|Any CPU.ActiveCfg = Release|Win32
		{A5A5EEF6-2107-4D25-B833-BB1B07684592}.Release|x64.ActiveCfg = Release|x64
		{A5A5EEF6-2107-4D25-B833-BB1B07684592}.Release|x64.Build.0 = Release|x64
		{A5A5EEF6-2107-4D25-B833-BB1B07684592}.Release|x86.ActiveCfg = Release|Win32
		{A5A5EEF6-2107-4D25-B833-BB1B07684592}.Release|x86.Build.0 = Release|Win32
	EndGlobalSection
	GlobalSection(SolutionProperties) = preSolution
		HideSolutionNode = FALSE
	EndGlobalSection
EndGlobal
