
Microsoft Visual Studio Solution File, Format Version 12.00
# Visual Studio 15
VisualStudioVersion = 15.0.26430.15
MinimumVisualStudioVersion = 10.0.40219.1
Project("{FAE04EC0-301F-11D3-BF4B-00C04F79EFBC}") = "FreSharpExampleANELib", "FreSharpExampleANELib\FreSharpExampleANELib.csproj", "{78C09EFA-FE09-4BB0-A14A-E95A98A13E2A}"
EndProject
Project("{8BC9CEB8-8B4A-11D0-8D11-00A0C91BC942}") = "FreSharpExampleANE", "FreSharpExampleANE\FreSharpExample.vcxproj", "{8161C194-25D6-4DC7-817A-AE5FFDFB7D6D}"
EndProject
Project("{8BC9CEB8-8B4A-11D0-8D11-00A0C91BC942}") = "FreSharpCore", "..\..\..\..\FreSharpCore\FreSharpCore.vcxproj", "{8F6A0939-4F4D-48EE-A417-17C4E1B90C57}"
EndProject
Project("{FAE04EC0-301F-11D3-BF4B-00C04F79EFBC}") = "FreSharp", "..\..\..\..\FreSharp\FreSharp.csproj", "{02DF5A34-4BD0-42D1-A150-64A886A335C0}"
EndProject
Project("{FAE04EC0-301F-11D3-BF4B-00C04F79EFBC}") = "AIRNativeANELib", "AIRNative\native_library\win\AIRNativeANE\AIRNativeANELib\AIRNativeANELib.csproj", "{7E6F0FB4-4743-42C4-9451-F95DFC402F89}"
EndProject
Global
	GlobalSection(SolutionConfigurationPlatforms) = preSolution
		Debug|Any CPU = Debug|Any CPU
		Debug|x64 = Debug|x64
		Debug|x86 = Debug|x86
		Release|Any CPU = Release|Any CPU
		Release|x64 = Release|x64
		Release|x86 = Release|x86
	EndGlobalSection
	GlobalSection(ProjectConfigurationPlatforms) = postSolution
		{78C09EFA-FE09-4BB0-A14A-E95A98A13E2A}.Debug|Any CPU.ActiveCfg = Debug|x86
		{78C09EFA-FE09-4BB0-A14A-E95A98A13E2A}.Debug|x64.ActiveCfg = Debug|x64
		{78C09EFA-FE09-4BB0-A14A-E95A98A13E2A}.Debug|x64.Build.0 = Debug|x64
		{78C09EFA-FE09-4BB0-A14A-E95A98A13E2A}.Debug|x86.ActiveCfg = Debug|x86
		{78C09EFA-FE09-4BB0-A14A-E95A98A13E2A}.Debug|x86.Build.0 = Debug|x86
		{78C09EFA-FE09-4BB0-A14A-E95A98A13E2A}.Release|Any CPU.ActiveCfg = Release|x86
		{78C09EFA-FE09-4BB0-A14A-E95A98A13E2A}.Release|x64.ActiveCfg = Release|x64
		{78C09EFA-FE09-4BB0-A14A-E95A98A13E2A}.Release|x64.Build.0 = Release|x64
		{78C09EFA-FE09-4BB0-A14A-E95A98A13E2A}.Release|x86.ActiveCfg = Release|x86
		{78C09EFA-FE09-4BB0-A14A-E95A98A13E2A}.Release|x86.Build.0 = Release|x86
		{8161C194-25D6-4DC7-817A-AE5FFDFB7D6D}.Debug|Any CPU.ActiveCfg = Debug|Win32
		{8161C194-25D6-4DC7-817A-AE5FFDFB7D6D}.Debug|x64.ActiveCfg = Debug|x64
		{8161C194-25D6-4DC7-817A-AE5FFDFB7D6D}.Debug|x64.Build.0 = Debug|x64
		{8161C194-25D6-4DC7-817A-AE5FFDFB7D6D}.Debug|x86.ActiveCfg = Debug|Win32
		{8161C194-25D6-4DC7-817A-AE5FFDFB7D6D}.Debug|x86.Build.0 = Debug|Win32
		{8161C194-25D6-4DC7-817A-AE5FFDFB7D6D}.Release|Any CPU.ActiveCfg = Release|Win32
		{8161C194-25D6-4DC7-817A-AE5FFDFB7D6D}.Release|x64.ActiveCfg = Release|x64
		{8161C194-25D6-4DC7-817A-AE5FFDFB7D6D}.Release|x64.Build.0 = Release|x64
		{8161C194-25D6-4DC7-817A-AE5FFDFB7D6D}.Release|x86.ActiveCfg = Release|Win32
		{8161C194-25D6-4DC7-817A-AE5FFDFB7D6D}.Release|x86.Build.0 = Release|Win32
		{8F6A0939-4F4D-48EE-A417-17C4E1B90C57}.Debug|Any CPU.ActiveCfg = Debug|Win32
		{8F6A0939-4F4D-48EE-A417-17C4E1B90C57}.Debug|x64.ActiveCfg = Debug|x64
		{8F6A0939-4F4D-48EE-A417-17C4E1B90C57}.Debug|x64.Build.0 = Debug|x64
		{8F6A0939-4F4D-48EE-A417-17C4E1B90C57}.Debug|x86.ActiveCfg = Debug|Win32
		{8F6A0939-4F4D-48EE-A417-17C4E1B90C57}.Debug|x86.Build.0 = Debug|Win32
		{8F6A0939-4F4D-48EE-A417-17C4E1B90C57}.Release|Any CPU.ActiveCfg = Release|Win32
		{8F6A0939-4F4D-48EE-A417-17C4E1B90C57}.Release|x64.ActiveCfg = Release|x64
		{8F6A0939-4F4D-48EE-A417-17C4E1B90C57}.Release|x64.Build.0 = Release|x64
		{8F6A0939-4F4D-48EE-A417-17C4E1B90C57}.Release|x86.ActiveCfg = Release|Win32
		{8F6A0939-4F4D-48EE-A417-17C4E1B90C57}.Release|x86.Build.0 = Release|Win32
		{02DF5A34-4BD0-42D1-A150-64A886A335C0}.Debug|Any CPU.ActiveCfg = Debug|x86
		{02DF5A34-4BD0-42D1-A150-64A886A335C0}.Debug|x64.ActiveCfg = Debug|x64
		{02DF5A34-4BD0-42D1-A150-64A886A335C0}.Debug|x64.Build.0 = Debug|x64
		{02DF5A34-4BD0-42D1-A150-64A886A335C0}.Debug|x86.ActiveCfg = Debug|x86
		{02DF5A34-4BD0-42D1-A150-64A886A335C0}.Debug|x86.Build.0 = Debug|x86
		{02DF5A34-4BD0-42D1-A150-64A886A335C0}.Release|Any CPU.ActiveCfg = Release|x86
		{02DF5A34-4BD0-42D1-A150-64A886A335C0}.Release|x64.ActiveCfg = Release|x64
		{02DF5A34-4BD0-42D1-A150-64A886A335C0}.Release|x64.Build.0 = Release|x64
		{02DF5A34-4BD0-42D1-A150-64A886A335C0}.Release|x86.ActiveCfg = Release|x86
		{02DF5A34-4BD0-42D1-A150-64A886A335C0}.Release|x86.Build.0 = Release|x86
		{7E6F0FB4-4743-42C4-9451-F95DFC402F89}.Debug|Any CPU.ActiveCfg = Debug|x86
		{7E6F0FB4-4743-42C4-9451-F95DFC402F89}.Debug|x64.ActiveCfg = Debug|x64
		{7E6F0FB4-4743-42C4-9451-F95DFC402F89}.Debug|x64.Build.0 = Debug|x64
		{7E6F0FB4-4743-42C4-9451-F95DFC402F89}.Debug|x86.ActiveCfg = Debug|x86
		{7E6F0FB4-4743-42C4-9451-F95DFC402F89}.Debug|x86.Build.0 = Debug|x86
		{7E6F0FB4-4743-42C4-9451-F95DFC402F89}.Release|Any CPU.ActiveCfg = Release|x86
		{7E6F0FB4-4743-42C4-9451-F95DFC402F89}.Release|x64.ActiveCfg = Release|x64
		{7E6F0FB4-4743-42C4-9451-F95DFC402F89}.Release|x64.Build.0 = Release|x64
		{7E6F0FB4-4743-42C4-9451-F95DFC402F89}.Release|x86.ActiveCfg = Release|x86
		{7E6F0FB4-4743-42C4-9451-F95DFC402F89}.Release|x86.Build.0 = Release|x86
	EndGlobalSection
	GlobalSection(SolutionProperties) = preSolution
		HideSolutionNode = FALSE
	EndGlobalSection
EndGlobal
